
Microsoft Visual Studio Solution File, Format Version 12.00
# Visual Studio 2013
VisualStudioVersion = 12.0.30501.0
MinimumVisualStudioVersion = 10.0.40219.1
Project("{2150E333-8FDC-42A3-9474-1A3956D46DE8}") = "LinkedList", "LinkedList", "{D155B7B1-68A3-4D1F-9175-5DC1F0646D33}"
EndProject
Project("{2150E333-8FDC-42A3-9474-1A3956D46DE8}") = "BinaryTree", "BinaryTree", "{2337CBE3-3FE4-4667-A888-91CA4FAEF1BC}"
EndProject
Project("{2150E333-8FDC-42A3-9474-1A3956D46DE8}") = "Array", "Array", "{C4E61C7A-2405-43EC-976E-C3A3D19884E4}"
EndProject
Project("{2150E333-8FDC-42A3-9474-1A3956D46DE8}") = "OnlineJudge", "OnlineJudge", "{16E86EA8-ACD1-4841-A013-1ECA682D3323}"
EndProject
Project("{2150E333-8FDC-42A3-9474-1A3956D46DE8}") = "HihoCoder", "HihoCoder", "{2DA26209-7A5C-4F67-B61F-4951BEF40321}"
EndProject
Project("{2150E333-8FDC-42A3-9474-1A3956D46DE8}") = "CodeHunt", "CodeHunt", "{29906D1D-E58E-4B5A-9DAA-8147789BC4C8}"
EndProject
Project("{8BC9CEB8-8B4A-11D0-8D11-00A0C91BC942}") = "ReverseLinkedList", "ReverseLinkedList\ReverseLinkedList.vcxproj", "{ECB0B2B2-5639-4A66-BA30-BB6E2D95F19D}"
EndProject
Global
	GlobalSection(SolutionConfigurationPlatforms) = preSolution
		Debug|Win32 = Debug|Win32
		Release|Win32 = Release|Win32
	EndGlobalSection
	GlobalSection(ProjectConfigurationPlatforms) = postSolution
		{ECB0B2B2-5639-4A66-BA30-BB6E2D95F19D}.Debug|Win32.ActiveCfg = Debug|Win32
		{ECB0B2B2-5639-4A66-BA30-BB6E2D95F19D}.Debug|Win32.Build.0 = Debug|Win32
		{ECB0B2B2-5639-4A66-BA30-BB6E2D95F19D}.Release|Win32.ActiveCfg = Release|Win32
		{ECB0B2B2-5639-4A66-BA30-BB6E2D95F19D}.Release|Win32.Build.0 = Release|Win32
	EndGlobalSection
	GlobalSection(SolutionProperties) = preSolution
		HideSolutionNode = FALSE
	EndGlobalSection
	GlobalSection(NestedProjects) = preSolution
		{2DA26209-7A5C-4F67-B61F-4951BEF40321} = {16E86EA8-ACD1-4841-A013-1ECA682D3323}
		{29906D1D-E58E-4B5A-9DAA-8147789BC4C8} = {16E86EA8-ACD1-4841-A013-1ECA682D3323}
		{ECB0B2B2-5639-4A66-BA30-BB6E2D95F19D} = {D155B7B1-68A3-4D1F-9175-5DC1F0646D33}
	EndGlobalSection
EndGlobal
