
Microsoft Visual Studio Solution File, Format Version 12.00
# Visual Studio 2013
VisualStudioVersion = 12.0.30501.0
MinimumVisualStudioVersion = 10.0.40219.1
Project("{2150E333-8FDC-42A3-9474-1A3956D46DE8}") = "LinkedList", "LinkedList", "{D155B7B1-68A3-4D1F-9175-5DC1F0646D33}"
EndProject
Project("{2150E333-8FDC-42A3-9474-1A3956D46DE8}") = "BinaryTree", "BinaryTree", "{2337CBE3-3FE4-4667-A888-91CA4FAEF1BC}"
EndProject
Project("{2150E333-8FDC-42A3-9474-1A3956D46DE8}") = "Array", "Array", "{C4E61C7A-2405-43EC-976E-C3A3D19884E4}"
EndProject
Project("{2150E333-8FDC-42A3-9474-1A3956D46DE8}") = "OnlineJudge", "OnlineJudge", "{16E86EA8-ACD1-4841-A013-1ECA682D3323}"
EndProject
Project("{2150E333-8FDC-42A3-9474-1A3956D46DE8}") = "HihoCoder", "HihoCoder", "{2DA26209-7A5C-4F67-B61F-4951BEF40321}"
EndProject
Project("{2150E333-8FDC-42A3-9474-1A3956D46DE8}") = "CodeHunt", "CodeHunt", "{29906D1D-E58E-4B5A-9DAA-8147789BC4C8}"
EndProject
Project("{8BC9CEB8-8B4A-11D0-8D11-00A0C91BC942}") = "1038", "OnlineJudge\HihoCoder\1038\1038.vcxproj", "{DB1849E2-A559-4836-A3AA-20CE4ED63586}"
EndProject
Project("{2150E333-8FDC-42A3-9474-1A3956D46DE8}") = "BOP", "BOP", "{CECDA407-E1D4-4E77-8B76-8327C015FA36}"
EndProject
Project("{FAE04EC0-301F-11D3-BF4B-00C04F79EFBC}") = "2.14CSharp", "BeautyofProgramming\2.14CSharp\2.14CSharp.csproj", "{82022E4B-3F46-491E-8F20-761A431F642C}"
EndProject
Project("{8BC9CEB8-8B4A-11D0-8D11-00A0C91BC942}") = "ReverseLinkedList", "LinkedList\ReverseLinkedList\ReverseLinkedList.vcxproj", "{ECB0B2B2-5639-4A66-BA30-BB6E2D95F19D}"
EndProject
Project("{FAE04EC0-301F-11D3-BF4B-00C04F79EFBC}") = "ReverseLinkedListCSharp", "LinkedList\ReverseLinkedListCSharp\ReverseLinkedListCSharp.csproj", "{7BA0DE2F-5471-436D-93D2-D42C8CCEC6DB}"
EndProject
Project("{8BC9CEB8-8B4A-11D0-8D11-00A0C91BC942}") = "Traverse", "BinaryTree\Traverse\Traverse.vcxproj", "{FD5E3BC1-28B2-4147-9EEE-4DFC17BCCF28}"
EndProject
Project("{2150E333-8FDC-42A3-9474-1A3956D46DE8}") = "ClassicProblem", "ClassicProblem", "{B0CBEE7C-00D8-4FBF-8BAF-DA601EF17B0A}"
EndProject
Project("{8BC9CEB8-8B4A-11D0-8D11-00A0C91BC942}") = "Hanoi", "ClassicProblem\Hanoi\Hanoi.vcxproj", "{0AC451FB-71CB-42AE-B9F8-9232C23270E5}"
EndProject
Project("{8BC9CEB8-8B4A-11D0-8D11-00A0C91BC942}") = "1039", "OnlineJudge\HihoCoder\1039\1039.vcxproj", "{75BB9C0D-5900-42C1-8732-DDD2A2626D04}"
EndProject
Project("{FAE04EC0-301F-11D3-BF4B-00C04F79EFBC}") = "1039CSharp", "OnlineJudge\HihoCoder\1039CSharp\1039CSharp.csproj", "{7B1A5A51-79DD-4A0D-AABB-48D8A67E2297}"
EndProject
Project("{8BC9CEB8-8B4A-11D0-8D11-00A0C91BC942}") = "1049", "OnlineJudge\HihoCoder\1049\1049.vcxproj", "{28A133A9-A21A-4B86-8DA4-A3C8821DED37}"
EndProject
Project("{FAE04EC0-301F-11D3-BF4B-00C04F79EFBC}") = "1051CSharp", "OnlineJudge\HihoCoder\1051CSharp\1051CSharp.csproj", "{42A60BB5-4523-4C51-A23E-2CE005C09CD5}"
EndProject
Project("{8BC9CEB8-8B4A-11D0-8D11-00A0C91BC942}") = "InorderFindSuccessor", "BinaryTree\InorderFindSuccessor\InorderFindSuccessor.vcxproj", "{ADF83E59-2F77-4FE6-A981-7C8AD1F98593}"
EndProject
Project("{8BC9CEB8-8B4A-11D0-8D11-00A0C91BC942}") = "BasicOperations", "BinaryTree\BasicOperations\BasicOperations.vcxproj", "{9B1CE9E6-3210-4133-87CA-6BE49F454E3E}"
EndProject
Project("{FAE04EC0-301F-11D3-BF4B-00C04F79EFBC}") = "1050CSharp", "OnlineJudge\HihoCoder\1050CSharp\1050CSharp.csproj", "{880493E6-230B-49F8-8D1B-30A525047C9F}"
EndProject
Project("{2150E333-8FDC-42A3-9474-1A3956D46DE8}") = "Sorting", "Sorting", "{39A0CD03-3285-4217-ACF5-E475E2C604A8}"
EndProject
Project("{8BC9CEB8-8B4A-11D0-8D11-00A0C91BC942}") = "QuickSort", "Sorting\QuickSort\QuickSort.vcxproj", "{358C974E-ED3A-47A0-A854-437515F6BF02}"
EndProject
Project("{8BC9CEB8-8B4A-11D0-8D11-00A0C91BC942}") = "BubbleSort", "Sorting\BubbleSort\BubbleSort.vcxproj", "{3BE64AFB-D0F2-4453-9719-E230C0C87A5F}"
EndProject
Project("{8BC9CEB8-8B4A-11D0-8D11-00A0C91BC942}") = "SelectSort", "Sorting\SelectSort\SelectSort.vcxproj", "{F26595A3-AAAB-4E9D-A6DB-567239983176}"
EndProject
Project("{8BC9CEB8-8B4A-11D0-8D11-00A0C91BC942}") = "InsertSort", "Sorting\InsertSort\InsertSort.vcxproj", "{DC2EDE4E-8DDE-4257-A3F7-EB41091FAF64}"
EndProject
Project("{8BC9CEB8-8B4A-11D0-8D11-00A0C91BC942}") = "HeapSort", "Sorting\HeapSort\HeapSort.vcxproj", "{A10A0FD4-8849-485B-B98B-DEA77C2EA799}"
EndProject
Global
	GlobalSection(SolutionConfigurationPlatforms) = preSolution
		Debug|Any CPU = Debug|Any CPU
		Debug|Mixed Platforms = Debug|Mixed Platforms
		Debug|Win32 = Debug|Win32
		Release|Any CPU = Release|Any CPU
		Release|Mixed Platforms = Release|Mixed Platforms
		Release|Win32 = Release|Win32
	EndGlobalSection
	GlobalSection(ProjectConfigurationPlatforms) = postSolution
		{DB1849E2-A559-4836-A3AA-20CE4ED63586}.Debug|Any CPU.ActiveCfg = Debug|Win32
		{DB1849E2-A559-4836-A3AA-20CE4ED63586}.Debug|Mixed Platforms.ActiveCfg = Debug|Win32
		{DB1849E2-A559-4836-A3AA-20CE4ED63586}.Debug|Mixed Platforms.Build.0 = Debug|Win32
		{DB1849E2-A559-4836-A3AA-20CE4ED63586}.Debug|Win32.ActiveCfg = Debug|Win32
		{DB1849E2-A559-4836-A3AA-20CE4ED63586}.Debug|Win32.Build.0 = Debug|Win32
		{DB1849E2-A559-4836-A3AA-20CE4ED63586}.Release|Any CPU.ActiveCfg = Release|Win32
		{DB1849E2-A559-4836-A3AA-20CE4ED63586}.Release|Mixed Platforms.ActiveCfg = Release|Win32
		{DB1849E2-A559-4836-A3AA-20CE4ED63586}.Release|Mixed Platforms.Build.0 = Release|Win32
		{DB1849E2-A559-4836-A3AA-20CE4ED63586}.Release|Win32.ActiveCfg = Release|Win32
		{DB1849E2-A559-4836-A3AA-20CE4ED63586}.Release|Win32.Build.0 = Release|Win32
		{82022E4B-3F46-491E-8F20-761A431F642C}.Debug|Any CPU.ActiveCfg = Debug|Any CPU
		{82022E4B-3F46-491E-8F20-761A431F642C}.Debug|Any CPU.Build.0 = Debug|Any CPU
		{82022E4B-3F46-491E-8F20-761A431F642C}.Debug|Mixed Platforms.ActiveCfg = Debug|Any CPU
		{82022E4B-3F46-491E-8F20-761A431F642C}.Debug|Mixed Platforms.Build.0 = Debug|Any CPU
		{82022E4B-3F46-491E-8F20-761A431F642C}.Debug|Win32.ActiveCfg = Debug|Any CPU
		{82022E4B-3F46-491E-8F20-761A431F642C}.Release|Any CPU.ActiveCfg = Release|Any CPU
		{82022E4B-3F46-491E-8F20-761A431F642C}.Release|Any CPU.Build.0 = Release|Any CPU
		{82022E4B-3F46-491E-8F20-761A431F642C}.Release|Mixed Platforms.ActiveCfg = Release|Any CPU
		{82022E4B-3F46-491E-8F20-761A431F642C}.Release|Mixed Platforms.Build.0 = Release|Any CPU
		{82022E4B-3F46-491E-8F20-761A431F642C}.Release|Win32.ActiveCfg = Release|Any CPU
		{ECB0B2B2-5639-4A66-BA30-BB6E2D95F19D}.Debug|Any CPU.ActiveCfg = Debug|Win32
		{ECB0B2B2-5639-4A66-BA30-BB6E2D95F19D}.Debug|Mixed Platforms.ActiveCfg = Debug|Win32
		{ECB0B2B2-5639-4A66-BA30-BB6E2D95F19D}.Debug|Mixed Platforms.Build.0 = Debug|Win32
		{ECB0B2B2-5639-4A66-BA30-BB6E2D95F19D}.Debug|Win32.ActiveCfg = Debug|Win32
		{ECB0B2B2-5639-4A66-BA30-BB6E2D95F19D}.Debug|Win32.Build.0 = Debug|Win32
		{ECB0B2B2-5639-4A66-BA30-BB6E2D95F19D}.Release|Any CPU.ActiveCfg = Release|Win32
		{ECB0B2B2-5639-4A66-BA30-BB6E2D95F19D}.Release|Mixed Platforms.ActiveCfg = Release|Win32
		{ECB0B2B2-5639-4A66-BA30-BB6E2D95F19D}.Release|Mixed Platforms.Build.0 = Release|Win32
		{ECB0B2B2-5639-4A66-BA30-BB6E2D95F19D}.Release|Win32.ActiveCfg = Release|Win32
		{ECB0B2B2-5639-4A66-BA30-BB6E2D95F19D}.Release|Win32.Build.0 = Release|Win32
		{7BA0DE2F-5471-436D-93D2-D42C8CCEC6DB}.Debug|Any CPU.ActiveCfg = Debug|Any CPU
		{7BA0DE2F-5471-436D-93D2-D42C8CCEC6DB}.Debug|Any CPU.Build.0 = Debug|Any CPU
		{7BA0DE2F-5471-436D-93D2-D42C8CCEC6DB}.Debug|Mixed Platforms.ActiveCfg = Debug|Any CPU
		{7BA0DE2F-5471-436D-93D2-D42C8CCEC6DB}.Debug|Mixed Platforms.Build.0 = Debug|Any CPU
		{7BA0DE2F-5471-436D-93D2-D42C8CCEC6DB}.Debug|Win32.ActiveCfg = Debug|Any CPU
		{7BA0DE2F-5471-436D-93D2-D42C8CCEC6DB}.Release|Any CPU.ActiveCfg = Release|Any CPU
		{7BA0DE2F-5471-436D-93D2-D42C8CCEC6DB}.Release|Any CPU.Build.0 = Release|Any CPU
		{7BA0DE2F-5471-436D-93D2-D42C8CCEC6DB}.Release|Mixed Platforms.ActiveCfg = Release|Any CPU
		{7BA0DE2F-5471-436D-93D2-D42C8CCEC6DB}.Release|Mixed Platforms.Build.0 = Release|Any CPU
		{7BA0DE2F-5471-436D-93D2-D42C8CCEC6DB}.Release|Win32.ActiveCfg = Release|Any CPU
		{FD5E3BC1-28B2-4147-9EEE-4DFC17BCCF28}.Debug|Any CPU.ActiveCfg = Debug|Win32
		{FD5E3BC1-28B2-4147-9EEE-4DFC17BCCF28}.Debug|Mixed Platforms.ActiveCfg = Debug|Win32
		{FD5E3BC1-28B2-4147-9EEE-4DFC17BCCF28}.Debug|Mixed Platforms.Build.0 = Debug|Win32
		{FD5E3BC1-28B2-4147-9EEE-4DFC17BCCF28}.Debug|Win32.ActiveCfg = Debug|Win32
		{FD5E3BC1-28B2-4147-9EEE-4DFC17BCCF28}.Debug|Win32.Build.0 = Debug|Win32
		{FD5E3BC1-28B2-4147-9EEE-4DFC17BCCF28}.Release|Any CPU.ActiveCfg = Release|Win32
		{FD5E3BC1-28B2-4147-9EEE-4DFC17BCCF28}.Release|Mixed Platforms.ActiveCfg = Release|Win32
		{FD5E3BC1-28B2-4147-9EEE-4DFC17BCCF28}.Release|Mixed Platforms.Build.0 = Release|Win32
		{FD5E3BC1-28B2-4147-9EEE-4DFC17BCCF28}.Release|Win32.ActiveCfg = Release|Win32
		{FD5E3BC1-28B2-4147-9EEE-4DFC17BCCF28}.Release|Win32.Build.0 = Release|Win32
		{0AC451FB-71CB-42AE-B9F8-9232C23270E5}.Debug|Any CPU.ActiveCfg = Debug|Win32
		{0AC451FB-71CB-42AE-B9F8-9232C23270E5}.Debug|Mixed Platforms.ActiveCfg = Debug|Win32
		{0AC451FB-71CB-42AE-B9F8-9232C23270E5}.Debug|Mixed Platforms.Build.0 = Debug|Win32
		{0AC451FB-71CB-42AE-B9F8-9232C23270E5}.Debug|Win32.ActiveCfg = Debug|Win32
		{0AC451FB-71CB-42AE-B9F8-9232C23270E5}.Debug|Win32.Build.0 = Debug|Win32
		{0AC451FB-71CB-42AE-B9F8-9232C23270E5}.Release|Any CPU.ActiveCfg = Release|Win32
		{0AC451FB-71CB-42AE-B9F8-9232C23270E5}.Release|Mixed Platforms.ActiveCfg = Release|Win32
		{0AC451FB-71CB-42AE-B9F8-9232C23270E5}.Release|Mixed Platforms.Build.0 = Release|Win32
		{0AC451FB-71CB-42AE-B9F8-9232C23270E5}.Release|Win32.ActiveCfg = Release|Win32
		{0AC451FB-71CB-42AE-B9F8-9232C23270E5}.Release|Win32.Build.0 = Release|Win32
		{75BB9C0D-5900-42C1-8732-DDD2A2626D04}.Debug|Any CPU.ActiveCfg = Debug|Win32
		{75BB9C0D-5900-42C1-8732-DDD2A2626D04}.Debug|Mixed Platforms.ActiveCfg = Debug|Win32
		{75BB9C0D-5900-42C1-8732-DDD2A2626D04}.Debug|Mixed Platforms.Build.0 = Debug|Win32
		{75BB9C0D-5900-42C1-8732-DDD2A2626D04}.Debug|Win32.ActiveCfg = Debug|Win32
		{75BB9C0D-5900-42C1-8732-DDD2A2626D04}.Debug|Win32.Build.0 = Debug|Win32
		{75BB9C0D-5900-42C1-8732-DDD2A2626D04}.Release|Any CPU.ActiveCfg = Release|Win32
		{75BB9C0D-5900-42C1-8732-DDD2A2626D04}.Release|Mixed Platforms.ActiveCfg = Release|Win32
		{75BB9C0D-5900-42C1-8732-DDD2A2626D04}.Release|Mixed Platforms.Build.0 = Release|Win32
		{75BB9C0D-5900-42C1-8732-DDD2A2626D04}.Release|Win32.ActiveCfg = Release|Win32
		{75BB9C0D-5900-42C1-8732-DDD2A2626D04}.Release|Win32.Build.0 = Release|Win32
		{7B1A5A51-79DD-4A0D-AABB-48D8A67E2297}.Debug|Any CPU.ActiveCfg = Debug|Any CPU
		{7B1A5A51-79DD-4A0D-AABB-48D8A67E2297}.Debug|Any CPU.Build.0 = Debug|Any CPU
		{7B1A5A51-79DD-4A0D-AABB-48D8A67E2297}.Debug|Mixed Platforms.ActiveCfg = Debug|Any CPU
		{7B1A5A51-79DD-4A0D-AABB-48D8A67E2297}.Debug|Mixed Platforms.Build.0 = Debug|Any CPU
		{7B1A5A51-79DD-4A0D-AABB-48D8A67E2297}.Debug|Win32.ActiveCfg = Debug|Any CPU
		{7B1A5A51-79DD-4A0D-AABB-48D8A67E2297}.Release|Any CPU.ActiveCfg = Release|Any CPU
		{7B1A5A51-79DD-4A0D-AABB-48D8A67E2297}.Release|Any CPU.Build.0 = Release|Any CPU
		{7B1A5A51-79DD-4A0D-AABB-48D8A67E2297}.Release|Mixed Platforms.ActiveCfg = Release|Any CPU
		{7B1A5A51-79DD-4A0D-AABB-48D8A67E2297}.Release|Mixed Platforms.Build.0 = Release|Any CPU
		{7B1A5A51-79DD-4A0D-AABB-48D8A67E2297}.Release|Win32.ActiveCfg = Release|Any CPU
		{28A133A9-A21A-4B86-8DA4-A3C8821DED37}.Debug|Any CPU.ActiveCfg = Debug|Win32
		{28A133A9-A21A-4B86-8DA4-A3C8821DED37}.Debug|Mixed Platforms.ActiveCfg = Debug|Win32
		{28A133A9-A21A-4B86-8DA4-A3C8821DED37}.Debug|Mixed Platforms.Build.0 = Debug|Win32
		{28A133A9-A21A-4B86-8DA4-A3C8821DED37}.Debug|Win32.ActiveCfg = Debug|Win32
		{28A133A9-A21A-4B86-8DA4-A3C8821DED37}.Debug|Win32.Build.0 = Debug|Win32
		{28A133A9-A21A-4B86-8DA4-A3C8821DED37}.Release|Any CPU.ActiveCfg = Release|Win32
		{28A133A9-A21A-4B86-8DA4-A3C8821DED37}.Release|Mixed Platforms.ActiveCfg = Release|Win32
		{28A133A9-A21A-4B86-8DA4-A3C8821DED37}.Release|Mixed Platforms.Build.0 = Release|Win32
		{28A133A9-A21A-4B86-8DA4-A3C8821DED37}.Release|Win32.ActiveCfg = Release|Win32
		{28A133A9-A21A-4B86-8DA4-A3C8821DED37}.Release|Win32.Build.0 = Release|Win32
		{42A60BB5-4523-4C51-A23E-2CE005C09CD5}.Debug|Any CPU.ActiveCfg = Debug|Any CPU
		{42A60BB5-4523-4C51-A23E-2CE005C09CD5}.Debug|Any CPU.Build.0 = Debug|Any CPU
		{42A60BB5-4523-4C51-A23E-2CE005C09CD5}.Debug|Mixed Platforms.ActiveCfg = Debug|Any CPU
		{42A60BB5-4523-4C51-A23E-2CE005C09CD5}.Debug|Mixed Platforms.Build.0 = Debug|Any CPU
		{42A60BB5-4523-4C51-A23E-2CE005C09CD5}.Debug|Win32.ActiveCfg = Debug|Any CPU
		{42A60BB5-4523-4C51-A23E-2CE005C09CD5}.Release|Any CPU.ActiveCfg = Release|Any CPU
		{42A60BB5-4523-4C51-A23E-2CE005C09CD5}.Release|Any CPU.Build.0 = Release|Any CPU
		{42A60BB5-4523-4C51-A23E-2CE005C09CD5}.Release|Mixed Platforms.ActiveCfg = Release|Any CPU
		{42A60BB5-4523-4C51-A23E-2CE005C09CD5}.Release|Mixed Platforms.Build.0 = Release|Any CPU
		{42A60BB5-4523-4C51-A23E-2CE005C09CD5}.Release|Win32.ActiveCfg = Release|Any CPU
		{ADF83E59-2F77-4FE6-A981-7C8AD1F98593}.Debug|Any CPU.ActiveCfg = Debug|Win32
		{ADF83E59-2F77-4FE6-A981-7C8AD1F98593}.Debug|Mixed Platforms.ActiveCfg = Debug|Win32
		{ADF83E59-2F77-4FE6-A981-7C8AD1F98593}.Debug|Mixed Platforms.Build.0 = Debug|Win32
		{ADF83E59-2F77-4FE6-A981-7C8AD1F98593}.Debug|Win32.ActiveCfg = Debug|Win32
		{ADF83E59-2F77-4FE6-A981-7C8AD1F98593}.Debug|Win32.Build.0 = Debug|Win32
		{ADF83E59-2F77-4FE6-A981-7C8AD1F98593}.Release|Any CPU.ActiveCfg = Release|Win32
		{ADF83E59-2F77-4FE6-A981-7C8AD1F98593}.Release|Mixed Platforms.ActiveCfg = Release|Win32
		{ADF83E59-2F77-4FE6-A981-7C8AD1F98593}.Release|Mixed Platforms.Build.0 = Release|Win32
		{ADF83E59-2F77-4FE6-A981-7C8AD1F98593}.Release|Win32.ActiveCfg = Release|Win32
		{ADF83E59-2F77-4FE6-A981-7C8AD1F98593}.Release|Win32.Build.0 = Release|Win32
		{9B1CE9E6-3210-4133-87CA-6BE49F454E3E}.Debug|Any CPU.ActiveCfg = Debug|Win32
		{9B1CE9E6-3210-4133-87CA-6BE49F454E3E}.Debug|Mixed Platforms.ActiveCfg = Debug|Win32
		{9B1CE9E6-3210-4133-87CA-6BE49F454E3E}.Debug|Mixed Platforms.Build.0 = Debug|Win32
		{9B1CE9E6-3210-4133-87CA-6BE49F454E3E}.Debug|Win32.ActiveCfg = Debug|Win32
		{9B1CE9E6-3210-4133-87CA-6BE49F454E3E}.Debug|Win32.Build.0 = Debug|Win32
		{9B1CE9E6-3210-4133-87CA-6BE49F454E3E}.Release|Any CPU.ActiveCfg = Release|Win32
		{9B1CE9E6-3210-4133-87CA-6BE49F454E3E}.Release|Mixed Platforms.ActiveCfg = Release|Win32
		{9B1CE9E6-3210-4133-87CA-6BE49F454E3E}.Release|Mixed Platforms.Build.0 = Release|Win32
		{9B1CE9E6-3210-4133-87CA-6BE49F454E3E}.Release|Win32.ActiveCfg = Release|Win32
		{9B1CE9E6-3210-4133-87CA-6BE49F454E3E}.Release|Win32.Build.0 = Release|Win32
		{880493E6-230B-49F8-8D1B-30A525047C9F}.Debug|Any CPU.ActiveCfg = Debug|Any CPU
		{880493E6-230B-49F8-8D1B-30A525047C9F}.Debug|Any CPU.Build.0 = Debug|Any CPU
		{880493E6-230B-49F8-8D1B-30A525047C9F}.Debug|Mixed Platforms.ActiveCfg = Debug|Any CPU
		{880493E6-230B-49F8-8D1B-30A525047C9F}.Debug|Mixed Platforms.Build.0 = Debug|Any CPU
		{880493E6-230B-49F8-8D1B-30A525047C9F}.Debug|Win32.ActiveCfg = Debug|Any CPU
		{880493E6-230B-49F8-8D1B-30A525047C9F}.Release|Any CPU.ActiveCfg = Release|Any CPU
		{880493E6-230B-49F8-8D1B-30A525047C9F}.Release|Any CPU.Build.0 = Release|Any CPU
		{880493E6-230B-49F8-8D1B-30A525047C9F}.Release|Mixed Platforms.ActiveCfg = Release|Any CPU
		{880493E6-230B-49F8-8D1B-30A525047C9F}.Release|Mixed Platforms.Build.0 = Release|Any CPU
		{880493E6-230B-49F8-8D1B-30A525047C9F}.Release|Win32.ActiveCfg = Release|Any CPU
		{358C974E-ED3A-47A0-A854-437515F6BF02}.Debug|Any CPU.ActiveCfg = Debug|Win32
		{358C974E-ED3A-47A0-A854-437515F6BF02}.Debug|Mixed Platforms.ActiveCfg = Debug|Win32
		{358C974E-ED3A-47A0-A854-437515F6BF02}.Debug|Mixed Platforms.Build.0 = Debug|Win32
		{358C974E-ED3A-47A0-A854-437515F6BF02}.Debug|Win32.ActiveCfg = Debug|Win32
		{358C974E-ED3A-47A0-A854-437515F6BF02}.Debug|Win32.Build.0 = Debug|Win32
		{358C974E-ED3A-47A0-A854-437515F6BF02}.Release|Any CPU.ActiveCfg = Release|Win32
		{358C974E-ED3A-47A0-A854-437515F6BF02}.Release|Mixed Platforms.ActiveCfg = Release|Win32
		{358C974E-ED3A-47A0-A854-437515F6BF02}.Release|Mixed Platforms.Build.0 = Release|Win32
		{358C974E-ED3A-47A0-A854-437515F6BF02}.Release|Win32.ActiveCfg = Release|Win32
		{358C974E-ED3A-47A0-A854-437515F6BF02}.Release|Win32.Build.0 = Release|Win32
		{3BE64AFB-D0F2-4453-9719-E230C0C87A5F}.Debug|Any CPU.ActiveCfg = Debug|Win32
		{3BE64AFB-D0F2-4453-9719-E230C0C87A5F}.Debug|Mixed Platforms.ActiveCfg = Debug|Win32
		{3BE64AFB-D0F2-4453-9719-E230C0C87A5F}.Debug|Mixed Platforms.Build.0 = Debug|Win32
		{3BE64AFB-D0F2-4453-9719-E230C0C87A5F}.Debug|Win32.ActiveCfg = Debug|Win32
		{3BE64AFB-D0F2-4453-9719-E230C0C87A5F}.Debug|Win32.Build.0 = Debug|Win32
		{3BE64AFB-D0F2-4453-9719-E230C0C87A5F}.Release|Any CPU.ActiveCfg = Release|Win32
		{3BE64AFB-D0F2-4453-9719-E230C0C87A5F}.Release|Mixed Platforms.ActiveCfg = Release|Win32
		{3BE64AFB-D0F2-4453-9719-E230C0C87A5F}.Release|Mixed Platforms.Build.0 = Release|Win32
		{3BE64AFB-D0F2-4453-9719-E230C0C87A5F}.Release|Win32.ActiveCfg = Release|Win32
		{3BE64AFB-D0F2-4453-9719-E230C0C87A5F}.Release|Win32.Build.0 = Release|Win32
		{F26595A3-AAAB-4E9D-A6DB-567239983176}.Debug|Any CPU.ActiveCfg = Debug|Win32
		{F26595A3-AAAB-4E9D-A6DB-567239983176}.Debug|Mixed Platforms.ActiveCfg = Debug|Win32
		{F26595A3-AAAB-4E9D-A6DB-567239983176}.Debug|Mixed Platforms.Build.0 = Debug|Win32
		{F26595A3-AAAB-4E9D-A6DB-567239983176}.Debug|Win32.ActiveCfg = Debug|Win32
		{F26595A3-AAAB-4E9D-A6DB-567239983176}.Debug|Win32.Build.0 = Debug|Win32
		{F26595A3-AAAB-4E9D-A6DB-567239983176}.Release|Any CPU.ActiveCfg = Release|Win32
		{F26595A3-AAAB-4E9D-A6DB-567239983176}.Release|Mixed Platforms.ActiveCfg = Release|Win32
		{F26595A3-AAAB-4E9D-A6DB-567239983176}.Release|Mixed Platforms.Build.0 = Release|Win32
		{F26595A3-AAAB-4E9D-A6DB-567239983176}.Release|Win32.ActiveCfg = Release|Win32
		{F26595A3-AAAB-4E9D-A6DB-567239983176}.Release|Win32.Build.0 = Release|Win32
		{DC2EDE4E-8DDE-4257-A3F7-EB41091FAF64}.Debug|Any CPU.ActiveCfg = Debug|Win32
		{DC2EDE4E-8DDE-4257-A3F7-EB41091FAF64}.Debug|Mixed Platforms.ActiveCfg = Debug|Win32
		{DC2EDE4E-8DDE-4257-A3F7-EB41091FAF64}.Debug|Mixed Platforms.Build.0 = Debug|Win32
		{DC2EDE4E-8DDE-4257-A3F7-EB41091FAF64}.Debug|Win32.ActiveCfg = Debug|Win32
		{DC2EDE4E-8DDE-4257-A3F7-EB41091FAF64}.Debug|Win32.Build.0 = Debug|Win32
		{DC2EDE4E-8DDE-4257-A3F7-EB41091FAF64}.Release|Any CPU.ActiveCfg = Release|Win32
		{DC2EDE4E-8DDE-4257-A3F7-EB41091FAF64}.Release|Mixed Platforms.ActiveCfg = Release|Win32
		{DC2EDE4E-8DDE-4257-A3F7-EB41091FAF64}.Release|Mixed Platforms.Build.0 = Release|Win32
		{DC2EDE4E-8DDE-4257-A3F7-EB41091FAF64}.Release|Win32.ActiveCfg = Release|Win32
		{DC2EDE4E-8DDE-4257-A3F7-EB41091FAF64}.Release|Win32.Build.0 = Release|Win32
		{A10A0FD4-8849-485B-B98B-DEA77C2EA799}.Debug|Any CPU.ActiveCfg = Debug|Win32
		{A10A0FD4-8849-485B-B98B-DEA77C2EA799}.Debug|Mixed Platforms.ActiveCfg = Debug|Win32
		{A10A0FD4-8849-485B-B98B-DEA77C2EA799}.Debug|Mixed Platforms.Build.0 = Debug|Win32
		{A10A0FD4-8849-485B-B98B-DEA77C2EA799}.Debug|Win32.ActiveCfg = Debug|Win32
		{A10A0FD4-8849-485B-B98B-DEA77C2EA799}.Debug|Win32.Build.0 = Debug|Win32
		{A10A0FD4-8849-485B-B98B-DEA77C2EA799}.Release|Any CPU.ActiveCfg = Release|Win32
		{A10A0FD4-8849-485B-B98B-DEA77C2EA799}.Release|Mixed Platforms.ActiveCfg = Release|Win32
		{A10A0FD4-8849-485B-B98B-DEA77C2EA799}.Release|Mixed Platforms.Build.0 = Release|Win32
		{A10A0FD4-8849-485B-B98B-DEA77C2EA799}.Release|Win32.ActiveCfg = Release|Win32
		{A10A0FD4-8849-485B-B98B-DEA77C2EA799}.Release|Win32.Build.0 = Release|Win32
	EndGlobalSection
	GlobalSection(SolutionProperties) = preSolution
		HideSolutionNode = FALSE
	EndGlobalSection
	GlobalSection(NestedProjects) = preSolution
		{2DA26209-7A5C-4F67-B61F-4951BEF40321} = {16E86EA8-ACD1-4841-A013-1ECA682D3323}
		{29906D1D-E58E-4B5A-9DAA-8147789BC4C8} = {16E86EA8-ACD1-4841-A013-1ECA682D3323}
		{DB1849E2-A559-4836-A3AA-20CE4ED63586} = {2DA26209-7A5C-4F67-B61F-4951BEF40321}
		{82022E4B-3F46-491E-8F20-761A431F642C} = {CECDA407-E1D4-4E77-8B76-8327C015FA36}
		{ECB0B2B2-5639-4A66-BA30-BB6E2D95F19D} = {D155B7B1-68A3-4D1F-9175-5DC1F0646D33}
		{7BA0DE2F-5471-436D-93D2-D42C8CCEC6DB} = {D155B7B1-68A3-4D1F-9175-5DC1F0646D33}
		{FD5E3BC1-28B2-4147-9EEE-4DFC17BCCF28} = {2337CBE3-3FE4-4667-A888-91CA4FAEF1BC}
		{0AC451FB-71CB-42AE-B9F8-9232C23270E5} = {B0CBEE7C-00D8-4FBF-8BAF-DA601EF17B0A}
		{75BB9C0D-5900-42C1-8732-DDD2A2626D04} = {2DA26209-7A5C-4F67-B61F-4951BEF40321}
		{7B1A5A51-79DD-4A0D-AABB-48D8A67E2297} = {2DA26209-7A5C-4F67-B61F-4951BEF40321}
		{28A133A9-A21A-4B86-8DA4-A3C8821DED37} = {2DA26209-7A5C-4F67-B61F-4951BEF40321}
		{42A60BB5-4523-4C51-A23E-2CE005C09CD5} = {2DA26209-7A5C-4F67-B61F-4951BEF40321}
		{ADF83E59-2F77-4FE6-A981-7C8AD1F98593} = {2337CBE3-3FE4-4667-A888-91CA4FAEF1BC}
		{9B1CE9E6-3210-4133-87CA-6BE49F454E3E} = {2337CBE3-3FE4-4667-A888-91CA4FAEF1BC}
		{880493E6-230B-49F8-8D1B-30A525047C9F} = {2DA26209-7A5C-4F67-B61F-4951BEF40321}
		{358C974E-ED3A-47A0-A854-437515F6BF02} = {39A0CD03-3285-4217-ACF5-E475E2C604A8}
		{3BE64AFB-D0F2-4453-9719-E230C0C87A5F} = {39A0CD03-3285-4217-ACF5-E475E2C604A8}
		{F26595A3-AAAB-4E9D-A6DB-567239983176} = {39A0CD03-3285-4217-ACF5-E475E2C604A8}
		{DC2EDE4E-8DDE-4257-A3F7-EB41091FAF64} = {39A0CD03-3285-4217-ACF5-E475E2C604A8}
		{A10A0FD4-8849-485B-B98B-DEA77C2EA799} = {39A0CD03-3285-4217-ACF5-E475E2C604A8}
	EndGlobalSection
EndGlobal
